{
  "nodes": {
    "nixpkgs": {
      "locked": {
        "lastModified": 1597794902,
        "narHash": "sha256-nW4/p+fuf3Wrq32lXcAcOpeM/XQGIQgz4ZP1h4zpegw=",
        "owner": "nixos",
        "repo": "nixpkgs",
        "rev": "e5a097a8cdeb731d2a2ecf300a0e0609d8d5677b",
        "type": "github"
      },
      "original": {
        "id": "nixpkgs",
        "ref": "nixos-20.03-small",
        "type": "indirect"
      }
    },
    "root": {
      "inputs": {
        "nixpkgs": "nixpkgs"
      }
    }
  },
  "root": "root",
  "version": 7
}
