{
  "nodes": {
    "nixpkgs": {
      "locked": {
        "lastModified": 1715179516,
        "narHash": "sha256-4bukm7txQrzFYkdg5BSgYV4WeTBGkHCHqDv3bgcoG4Q=",
        "owner": "yshym",
        "repo": "nixpkgs",
        "rev": "fe14917e03c0d452c524a1e18b74c516b80a81d4",
        "type": "github"
      },
      "original": {
        "owner": "yshym",
        "ref": "release-23.11",
        "repo": "nixpkgs",
        "type": "github"
      }
    },
    "root": {
      "inputs": {
        "nixpkgs": "nixpkgs"
      }
    }
  },
  "root": "root",
  "version": 7
}
