{
  "nodes": {
    "nixpkgs": {
      "locked": {
        "lastModified": 1635806954,
        "narHash": "sha256-yX/zjbIL/HdXh8a92hWJ+31gsLLv7byA1XRuPARaLro=",
        "owner": "NixOS",
        "repo": "nixpkgs",
        "rev": "372e59d2af704bffd133cbe029f1d5efe73ba6fb",
        "type": "github"
      },
      "original": {
        "id": "nixpkgs",
        "ref": "nixos-21.05-small",
        "type": "indirect"
      }
    },
    "root": {
      "inputs": {
        "nixpkgs": "nixpkgs"
      }
    }
  },
  "root": "root",
  "version": 7
}
